
Microsoft Visual Studio Solution File, Format Version 12.00
Project("{FAE04EC0-301F-11D3-BF4B-00C04F79EFBC}") = "SignalRChat", "SignalRChat\SignalRChat.csproj", "{8B495752-1168-454F-9578-EB110BCFF64C}"
EndProject
Global
	GlobalSection(SolutionConfigurationPlatforms) = preSolution
		Debug|Any CPU = Debug|Any CPU
		Release|Any CPU = Release|Any CPU
	EndGlobalSection
	GlobalSection(ProjectConfigurationPlatforms) = postSolution
		{8B495752-1168-454F-9578-EB110BCFF64C}.Debug|Any CPU.ActiveCfg = Debug|Any CPU
		{8B495752-1168-454F-9578-EB110BCFF64C}.Debug|Any CPU.Build.0 = Debug|Any CPU
		{8B495752-1168-454F-9578-EB110BCFF64C}.Release|Any CPU.ActiveCfg = Release|Any CPU
		{8B495752-1168-454F-9578-EB110BCFF64C}.Release|Any CPU.Build.0 = Release|Any CPU
	EndGlobalSection
EndGlobal
